devcapsule-lock-format-version = 1
resolution-matrix-version = "dogfood-v1"
manifest-digest = "bacae5f4522d44ad8d4529977447f05a54a01586773ce8d514dea1f6d99117db"
platform = "linux-amd64"

[base]
reference = "docker.io/mycodespaceai/devcapsule-base@sha256:695f9eb6dd269dc694b3367f6a2570d500b938998d6f7aa3aa00e5d04cc7394a"

[components]
interactive-surface = "pycharm"

[components.pycharm]
version = "2026.2.0.1"
variant = "professional"
delivery-policy = "local-materialization"
url = "https://download.jetbrains.com/python/pycharm-2026.2.0.1.tar.gz"
sha256 = "4a37cb2d15703553c61e814d8e014bfa47308508470de5f968c4e9645b771675"

[components.codex]
version = "0.145.0"
delivery-policy = "local-materialization"
integration = "jetbrains-ai-assistant"
acp-version = "1.1.9"
license = "Apache-2.0"

[components.codex.artifacts.linux-amd64]
url = "https://registry.npmjs.org/@openai/codex/-/codex-0.145.0-linux-x64.tgz"
sha256 = "11239480f8e3efd1430f23bbe91c1a397856b8bbe6185ccbaee2382d25e03df2"
archive-member = "package/vendor/x86_64-unknown-linux-musl/bin/codex"

[components.claude-code]
version = "2.1.227"
delivery-policy = "local-materialization"
acquisition-authorization = "claude-code-download"
license = "Proprietary"
terms-url = "https://www.anthropic.com/legal/commercial-terms"
distribution = "user-acquired-not-redistributed"

[components.claude-code.artifacts.linux-amd64]
url = "https://downloads.claude.ai/claude-code-releases/2.1.227/linux-x64/claude"
sha256 = "6832dc3f1797b890b71116e5f2dbbf9a83fd3d0498c235b4b0f9cd0e6e499ad6"

[materialization]
recipe = "jetbrains-local-materialization"
recipe-version = "1"
